{
  "nodes": {
    "caelestia-cli": {
      "inputs": {
        "caelestia-shell": "caelestia-shell",
        "nixpkgs": [
          "nixpkgs"
        ]
      },
      "locked": {
        "lastModified": 1778482091,
        "narHash": "sha256-FOzC6uYB36/q2AFgROCLKUds7p6RN51dHzewHbmZhdk=",
        "owner": "caelestia-dots",
        "repo": "cli",
        "rev": "4b3ffcd644b0e9d3f7180b610f35c4f86024c905",
        "type": "github"
      },
      "original": {
        "owner": "caelestia-dots",
        "repo": "cli",
        "type": "github"
      }
    },
    "caelestia-cli_2": {
      "inputs": {
        "caelestia-shell": [
          "caelestia-shell"
        ],
        "nixpkgs": [
          "caelestia-shell",
          "nixpkgs"
        ]
      },
      "locked": {
        "lastModified": 1778125502,
        "narHash": "sha256-QAAO9RCR6byVJi50l8RMVJWzrsNYbXonfR6tqU93vIQ=",
        "owner": "caelestia-dots",
        "repo": "cli",
        "rev": "7b8a4281aa8b2b12745de531cce0c65d87aea2e5",
        "type": "github"
      },
      "original": {
        "owner": "caelestia-dots",
        "repo": "cli",
        "type": "github"
      }
    },
    "caelestia-shell": {
      "inputs": {
        "caelestia-cli": [
          "caelestia-cli"
        ],
        "nixpkgs": [
          "caelestia-cli",
          "nixpkgs"
        ],
        "quickshell": "quickshell"
      },
      "locked": {
        "lastModified": 1778381004,
        "narHash": "sha256-JwIlrajiY74obxyTMu/Ym6wOEQaCjpHwfziPK+E5u3Q=",
        "owner": "caelestia-dots",
        "repo": "shell",
        "rev": "2ca4ad4a434e91e73504debd5225e66dc5ebb2b6",
        "type": "github"
      },
      "original": {
        "owner": "caelestia-dots",
        "repo": "shell",
        "type": "github"
      }
    },
    "caelestia-shell_2": {
      "inputs": {
        "caelestia-cli": "caelestia-cli_2",
        "nixpkgs": [
          "nixpkgs"
        ],
        "quickshell": "quickshell_2"
      },
      "locked": {
        "lastModified": 1778381004,
        "narHash": "sha256-JwIlrajiY74obxyTMu/Ym6wOEQaCjpHwfziPK+E5u3Q=",
        "owner": "caelestia-dots",
        "repo": "shell",
        "rev": "2ca4ad4a434e91e73504debd5225e66dc5ebb2b6",
        "type": "github"
      },
      "original": {
        "owner": "caelestia-dots",
        "repo": "shell",
        "type": "github"
      }
    },
    "home-manager": {
      "inputs": {
        "nixpkgs": [
          "nixpkgs"
        ]
      },
      "locked": {
        "lastModified": 1778009629,
        "narHash": "sha256-nUoQtf4Zq7DRYJrfv904hjrxjAlWVP6a1pNNFKx3FCg=",
        "owner": "nix-community",
        "repo": "home-manager",
        "rev": "00ed86e58bb6979a7921859fd1615d19382eac5c",
        "type": "github"
      },
      "original": {
        "owner": "nix-community",
        "repo": "home-manager",
        "type": "github"
      }
    },
    "nixpkgs": {
      "locked": {
        "lastModified": 1777954456,
        "narHash": "sha256-hGdgeU2Nk87RAuZyYjyDjFL6LK7dAZN5RE9+hrDTkDU=",
        "owner": "nixos",
        "repo": "nixpkgs",
        "rev": "549bd84d6279f9852cae6225e372cc67fb91a4c1",
        "type": "github"
      },
      "original": {
        "owner": "nixos",
        "ref": "nixos-unstable",
        "repo": "nixpkgs",
        "type": "github"
      }
    },
    "quickshell": {
      "inputs": {
        "nixpkgs": [
          "caelestia-cli",
          "caelestia-shell",
          "nixpkgs"
        ]
      },
      "locked": {
        "lastModified": 1778222427,
        "narHash": "sha256-6GFiP611nEJvtm+m03sMyfaVIJ9QOCi//hS+PPKyyPA=",
        "ref": "refs/heads/master",
        "rev": "d1760ed1f31c02a95b37a9bf4084129c829ebe7f",
        "revCount": 817,
        "type": "git",
        "url": "https://git.outfoxxed.me/outfoxxed/quickshell"
      },
      "original": {
        "type": "git",
        "url": "https://git.outfoxxed.me/outfoxxed/quickshell"
      }
    },
    "quickshell_2": {
      "inputs": {
        "nixpkgs": [
          "caelestia-shell",
          "nixpkgs"
        ]
      },
      "locked": {
        "lastModified": 1778222427,
        "narHash": "sha256-6GFiP611nEJvtm+m03sMyfaVIJ9QOCi//hS+PPKyyPA=",
        "ref": "refs/heads/master",
        "rev": "d1760ed1f31c02a95b37a9bf4084129c829ebe7f",
        "revCount": 817,
        "type": "git",
        "url": "https://git.outfoxxed.me/outfoxxed/quickshell"
      },
      "original": {
        "type": "git",
        "url": "https://git.outfoxxed.me/outfoxxed/quickshell"
      }
    },
    "root": {
      "inputs": {
        "caelestia-cli": "caelestia-cli",
        "caelestia-shell": "caelestia-shell_2",
        "home-manager": "home-manager",
        "nixpkgs": "nixpkgs"
      }
    }
  },
  "root": "root",
  "version": 7
}
